
Microsoft Visual Studio Solution File, Format Version 12.00
# Visual Studio 15
VisualStudioVersion = 15.0.26403.7
MinimumVisualStudioVersion = 10.0.40219.1
Project("{FAE04EC0-301F-11D3-BF4B-00C04F79EFBC}") = "ConsoleApp2", "ConsoleApp2\ConsoleApp2.csproj", "{4A50B13C-8587-4A26-9C58-BC0384FE2404}"
EndProject
Project("{FAE04EC0-301F-11D3-BF4B-00C04F79EFBC}") = "Variabler", "ConsoleApp1\Variabler.csproj", "{251565F0-E268-4282-A407-05F98215DC32}"
EndProject
Project("{FAE04EC0-301F-11D3-BF4B-00C04F79EFBC}") = "Månedsløn gennemsnit", "ConsoleApp3\Månedsløn gennemsnit.csproj", "{803B0CCD-997E-44A4-B5A8-604FFC8EA0B3}"
EndProject
Global
	GlobalSection(SolutionConfigurationPlatforms) = preSolution
		Debug|Any CPU = Debug|Any CPU
		Release|Any CPU = Release|Any CPU
	EndGlobalSection
	GlobalSection(ProjectConfigurationPlatforms) = postSolution
		{4A50B13C-8587-4A26-9C58-BC0384FE2404}.Debug|Any CPU.ActiveCfg = Debug|Any CPU
		{4A50B13C-8587-4A26-9C58-BC0384FE2404}.Debug|Any CPU.Build.0 = Debug|Any CPU
		{4A50B13C-8587-4A26-9C58-BC0384FE2404}.Release|Any CPU.ActiveCfg = Release|Any CPU
		{4A50B13C-8587-4A26-9C58-BC0384FE2404}.Release|Any CPU.Build.0 = Release|Any CPU
		{251565F0-E268-4282-A407-05F98215DC32}.Debug|Any CPU.ActiveCfg = Debug|Any CPU
		{251565F0-E268-4282-A407-05F98215DC32}.Debug|Any CPU.Build.0 = Debug|Any CPU
		{251565F0-E268-4282-A407-05F98215DC32}.Release|Any CPU.ActiveCfg = Release|Any CPU
		{251565F0-E268-4282-A407-05F98215DC32}.Release|Any CPU.Build.0 = Release|Any CPU
		{803B0CCD-997E-44A4-B5A8-604FFC8EA0B3}.Debug|Any CPU.ActiveCfg = Debug|Any CPU
		{803B0CCD-997E-44A4-B5A8-604FFC8EA0B3}.Debug|Any CPU.Build.0 = Debug|Any CPU
		{803B0CCD-997E-44A4-B5A8-604FFC8EA0B3}.Release|Any CPU.ActiveCfg = Release|Any CPU
		{803B0CCD-997E-44A4-B5A8-604FFC8EA0B3}.Release|Any CPU.Build.0 = Release|Any CPU
	EndGlobalSection
	GlobalSection(SolutionProperties) = preSolution
		HideSolutionNode = FALSE
	EndGlobalSection
EndGlobal
